
Microsoft Visual Studio Solution File, Format Version 12.00
# Visual Studio Version 16
VisualStudioVersion = 16.0.32802.440
MinimumVisualStudioVersion = 10.0.40219.1
Project("{9A19103F-16F7-4668-BE54-9A1E7A4F7556}") = "WpfAppIntro", "WpfAppIntro\WpfAppIntro.csproj", "{94B52500-652B-473F-A30E-93E020F48B69}"
EndProject
Project("{9A19103F-16F7-4668-BE54-9A1E7A4F7556}") = "WpfApp_File_Explorer", "WpfApp_File_Explorer\WpfApp_File_Explorer.csproj", "{3190C412-9E0A-47D5-8AD9-3822B6D9E6B0}"
EndProject
Project("{FAE04EC0-301F-11D3-BF4B-00C04F79EFBC}") = "WpfApp_Calculator", "WpfApp_Calculator\WpfApp_Calculator.csproj", "{15568868-C81D-47E1-98D6-FF2888E14549}"
EndProject
Global
	GlobalSection(SolutionConfigurationPlatforms) = preSolution
		Debug|Any CPU = Debug|Any CPU
		Release|Any CPU = Release|Any CPU
	EndGlobalSection
	GlobalSection(ProjectConfigurationPlatforms) = postSolution
		{94B52500-652B-473F-A30E-93E020F48B69}.Debug|Any CPU.ActiveCfg = Debug|Any CPU
		{94B52500-652B-473F-A30E-93E020F48B69}.Debug|Any CPU.Build.0 = Debug|Any CPU
		{94B52500-652B-473F-A30E-93E020F48B69}.Release|Any CPU.ActiveCfg = Release|Any CPU
		{94B52500-652B-473F-A30E-93E020F48B69}.Release|Any CPU.Build.0 = Release|Any CPU
		{3190C412-9E0A-47D5-8AD9-3822B6D9E6B0}.Debug|Any CPU.ActiveCfg = Debug|Any CPU
		{3190C412-9E0A-47D5-8AD9-3822B6D9E6B0}.Debug|Any CPU.Build.0 = Debug|Any CPU
		{3190C412-9E0A-47D5-8AD9-3822B6D9E6B0}.Release|Any CPU.ActiveCfg = Release|Any CPU
		{3190C412-9E0A-47D5-8AD9-3822B6D9E6B0}.Release|Any CPU.Build.0 = Release|Any CPU
		{15568868-C81D-47E1-98D6-FF2888E14549}.Debug|Any CPU.ActiveCfg = Debug|Any CPU
		{15568868-C81D-47E1-98D6-FF2888E14549}.Debug|Any CPU.Build.0 = Debug|Any CPU
		{15568868-C81D-47E1-98D6-FF2888E14549}.Release|Any CPU.ActiveCfg = Release|Any CPU
		{15568868-C81D-47E1-98D6-FF2888E14549}.Release|Any CPU.Build.0 = Release|Any CPU
	EndGlobalSection
	GlobalSection(SolutionProperties) = preSolution
		HideSolutionNode = FALSE
	EndGlobalSection
	GlobalSection(ExtensibilityGlobals) = postSolution
		SolutionGuid = {59986869-F310-4822-9C31-AF47EE54C282}
	EndGlobalSection
EndGlobal
